// !$*UTF8*$!
{
	archiveVersion = 1;
	classes = {
	};
	objectVersion = 50;
	objects = {

/* Begin PBXBuildFile section */
		F32517F724EB6F4E00589A5B /* TweetModel.swift in Sources */ = {isa = PBXBuildFile; fileRef = F32517F624EB6F4E00589A5B /* TweetModel.swift */; };
		F32517F924EB705500589A5B /* TweetRequest.swift in Sources */ = {isa = PBXBuildFile; fileRef = F32517F824EB705500589A5B /* TweetRequest.swift */; };
		F32517FB24EB745800589A5B /* secrets.swift in Sources */ = {isa = PBXBuildFile; fileRef = F32517FA24EB745800589A5B /* secrets.swift */; };
		F3FB38B224EB14760094DE00 /* AppDelegate.swift in Sources */ = {isa = PBXBuildFile; fileRef = F3FB38B124EB14760094DE00 /* AppDelegate.swift */; };
		F3FB38B424EB14760094DE00 /* SceneDelegate.swift in Sources */ = {isa = PBXBuildFile; fileRef = F3FB38B324EB14760094DE00 /* SceneDelegate.swift */; };
		F3FB38B624EB14760094DE00 /* MainView.swift in Sources */ = {isa = PBXBuildFile; fileRef = F3FB38B524EB14760094DE00 /* MainView.swift */; };
		F3FB38BB24EB147A0094DE00 /* Assets.xcassets in Resources */ = {isa = PBXBuildFile; fileRef = F3FB38BA24EB147A0094DE00 /* Assets.xcassets */; };
		F3FB38BE24EB147A0094DE00 /* LaunchScreen.storyboard in Resources */ = {isa = PBXBuildFile; fileRef = F3FB38BC24EB147A0094DE00 /* LaunchScreen.storyboard */; };
		F3FB38C624EB44200094DE00 /* ResultsView.swift in Sources */ = {isa = PBXBuildFile; fileRef = F3FB38C524EB44200094DE00 /* ResultsView.swift */; };
		F3FB38CA24EB62860094DE00 /* AnchorExtension.swift in Sources */ = {isa = PBXBuildFile; fileRef = F3FB38C924EB62860094DE00 /* AnchorExtension.swift */; };
/* End PBXBuildFile section */

/* Begin PBXFileReference section */
		F32517F624EB6F4E00589A5B /* TweetModel.swift */ = {isa = PBXFileReference; lastKnownFileType = sourcecode.swift; path = TweetModel.swift; sourceTree = "<group>"; };
		F32517F824EB705500589A5B /* TweetRequest.swift */ = {isa = PBXFileReference; lastKnownFileType = sourcecode.swift; path = TweetRequest.swift; sourceTree = "<group>"; };
		F32517FA24EB745800589A5B /* secrets.swift */ = {isa = PBXFileReference; lastKnownFileType = sourcecode.swift; path = secrets.swift; sourceTree = "<group>"; };
		F3FB38AE24EB14760094DE00 /* meantweets.app */ = {isa = PBXFileReference; explicitFileType = wrapper.application; includeInIndex = 0; path = meantweets.app; sourceTree = BUILT_PRODUCTS_DIR; };
		F3FB38B124EB14760094DE00 /* AppDelegate.swift */ = {isa = PBXFileReference; lastKnownFileType = sourcecode.swift; path = AppDelegate.swift; sourceTree = "<group>"; };
		F3FB38B324EB14760094DE00 /* SceneDelegate.swift */ = {isa = PBXFileReference; lastKnownFileType = sourcecode.swift; path = SceneDelegate.swift; sourceTree = "<group>"; };
		F3FB38B524EB14760094DE00 /* MainView.swift */ = {isa = PBXFileReference; lastKnownFileType = sourcecode.swift; path = MainView.swift; sourceTree = "<group>"; };
		F3FB38BA24EB147A0094DE00 /* Assets.xcassets */ = {isa = PBXFileReference; lastKnownFileType = folder.assetcatalog; path = Assets.xcassets; sourceTree = "<group>"; };
		F3FB38BD24EB147A0094DE00 /* Base */ = {isa = PBXFileReference; lastKnownFileType = file.storyboard; name = Base; path = Base.lproj/LaunchScreen.storyboard; sourceTree = "<group>"; };
		F3FB38BF24EB147A0094DE00 /* Info.plist */ = {isa = PBXFileReference; lastKnownFileType = text.plist.xml; path = Info.plist; sourceTree = "<group>"; };
		F3FB38C524EB44200094DE00 /* ResultsView.swift */ = {isa = PBXFileReference; lastKnownFileType = sourcecode.swift; path = ResultsView.swift; sourceTree = "<group>"; };
		F3FB38C924EB62860094DE00 /* AnchorExtension.swift */ = {isa = PBXFileReference; lastKnownFileType = sourcecode.swift; path = AnchorExtension.swift; sourceTree = "<group>"; };
/* End PBXFileReference section */

/* Begin PBXFrameworksBuildPhase section */
		F3FB38AB24EB14760094DE00 /* Frameworks */ = {
			isa = PBXFrameworksBuildPhase;
			buildActionMask = 2147483647;
			files = (
			);
			runOnlyForDeploymentPostprocessing = 0;
		};
/* End PBXFrameworksBuildPhase section */

/* Begin PBXGroup section */
		F3FB38A524EB14760094DE00 = {
			isa = PBXGroup;
			children = (
				F3FB38B024EB14760094DE00 /* meantweets */,
				F3FB38AF24EB14760094DE00 /* Products */,
			);
			sourceTree = "<group>";
		};
		F3FB38AF24EB14760094DE00 /* Products */ = {
			isa = PBXGroup;
			children = (
				F3FB38AE24EB14760094DE00 /* meantweets.app */,
			);
			name = Products;
			sourceTree = "<group>";
		};
		F3FB38B024EB14760094DE00 /* meantweets */ = {
			isa = PBXGroup;
			children = (
				F3FB38B124EB14760094DE00 /* AppDelegate.swift */,
				F3FB38B324EB14760094DE00 /* SceneDelegate.swift */,
				F3FB38B524EB14760094DE00 /* MainView.swift */,
				F3FB38C524EB44200094DE00 /* ResultsView.swift */,
				F3FB38C924EB62860094DE00 /* AnchorExtension.swift */,
				F32517F824EB705500589A5B /* TweetRequest.swift */,
				F32517F624EB6F4E00589A5B /* TweetModel.swift */,
				F32517FA24EB745800589A5B /* secrets.swift */,
				F3FB38BA24EB147A0094DE00 /* Assets.xcassets */,
				F3FB38BC24EB147A0094DE00 /* LaunchScreen.storyboard */,
				F3FB38BF24EB147A0094DE00 /* Info.plist */,
			);
			path = meantweets;
			sourceTree = "<group>";
		};
/* End PBXGroup section */

/* Begin PBXNativeTarget section */
		F3FB38AD24EB14760094DE00 /* meantweets */ = {
			isa = PBXNativeTarget;
			buildConfigurationList = F3FB38C224EB147A0094DE00 /* Build configuration list for PBXNativeTarget "meantweets" */;
			buildPhases = (
				F3FB38AA24EB14760094DE00 /* Sources */,
				F3FB38AB24EB14760094DE00 /* Frameworks */,
				F3FB38AC24EB14760094DE00 /* Resources */,
			);
			buildRules = (
			);
			dependencies = (
			);
			name = meantweets;
			productName = meantweets;
			productReference = F3FB38AE24EB14760094DE00 /* meantweets.app */;
			productType = "com.apple.product-type.application";
		};
/* End PBXNativeTarget section */

/* Begin PBXProject section */
		F3FB38A624EB14760094DE00 /* Project object */ = {
			isa = PBXProject;
			attributes = {
				LastSwiftUpdateCheck = 1140;
				LastUpgradeCheck = 1140;
				ORGANIZATIONNAME = "Fairchild-Suttner";
				TargetAttributes = {
					F3FB38AD24EB14760094DE00 = {
						CreatedOnToolsVersion = 11.4;
					};
				};
			};
			buildConfigurationList = F3FB38A924EB14760094DE00 /* Build configuration list for PBXProject "meantweets" */;
			compatibilityVersion = "Xcode 9.3";
			developmentRegion = en;
			hasScannedForEncodings = 0;
			knownRegions = (
				en,
				Base,
			);
			mainGroup = F3FB38A524EB14760094DE00;
			productRefGroup = F3FB38AF24EB14760094DE00 /* Products */;
			projectDirPath = "";
			projectRoot = "";
			targets = (
				F3FB38AD24EB14760094DE00 /* meantweets */,
			);
		};
/* End PBXProject section */

/* Begin PBXResourcesBuildPhase section */
		F3FB38AC24EB14760094DE00 /* Resources */ = {
			isa = PBXResourcesBuildPhase;
			buildActionMask = 2147483647;
			files = (
				F3FB38BE24EB147A0094DE00 /* LaunchScreen.storyboard in Resources */,
				F3FB38BB24EB147A0094DE00 /* Assets.xcassets in Resources */,
			);
			runOnlyForDeploymentPostprocessing = 0;
		};
/* End PBXResourcesBuildPhase section */

/* Begin PBXSourcesBuildPhase section */
		F3FB38AA24EB14760094DE00 /* Sources */ = {
			isa = PBXSourcesBuildPhase;
			buildActionMask = 2147483647;
			files = (
				F3FB38B624EB14760094DE00 /* MainView.swift in Sources */,
				F32517FB24EB745800589A5B /* secrets.swift in Sources */,
				F3FB38B224EB14760094DE00 /* AppDelegate.swift in Sources */,
				F3FB38B424EB14760094DE00 /* SceneDelegate.swift in Sources */,
				F32517F724EB6F4E00589A5B /* TweetModel.swift in Sources */,
				F32517F924EB705500589A5B /* TweetRequest.swift in Sources */,
				F3FB38CA24EB62860094DE00 /* AnchorExtension.swift in Sources */,
				F3FB38C624EB44200094DE00 /* ResultsView.swift in Sources */,
			);
			runOnlyForDeploymentPostprocessing = 0;
		};
/* End PBXSourcesBuildPhase section */

/* Begin PBXVariantGroup section */
		F3FB38BC24EB147A0094DE00 /* LaunchScreen.storyboard */ = {
			isa = PBXVariantGroup;
			children = (
				F3FB38BD24EB147A0094DE00 /* Base */,
			);
			name = LaunchScreen.storyboard;
			sourceTree = "<group>";
		};
/* End PBXVariantGroup section */

/* Begin XCBuildConfiguration section */
		F3FB38C024EB147A0094DE00 /* Debug */ = {
			isa = XCBuildConfiguration;
			buildSettings = {
				ALWAYS_SEARCH_USER_PATHS = NO;
				CLANG_ANALYZER_NONNULL = YES;
				CLANG_ANALYZER_NUMBER_OBJECT_CONVERSION = YES_AGGRESSIVE;
				CLANG_CXX_LANGUAGE_STANDARD = "gnu++14";
				CLANG_CXX_LIBRARY = "libc++";
				CLANG_ENABLE_MODULES = YES;
				CLANG_ENABLE_OBJC_ARC = YES;
				CLANG_ENABLE_OBJC_WEAK = YES;
				CLANG_WARN_BLOCK_CAPTURE_AUTORELEASING = YES;
				CLANG_WARN_BOOL_CONVERSION = YES;
				CLANG_WARN_COMMA = YES;
				CLANG_WARN_CONSTANT_CONVERSION = YES;
				CLANG_WARN_DEPRECATED_OBJC_IMPLEMENTATIONS = YES;
				CLANG_WARN_DIRECT_OBJC_ISA_USAGE = YES_ERROR;
				CLANG_WARN_DOCUMENTATION_COMMENTS = YES;
				CLANG_WARN_EMPTY_BODY = YES;
				CLANG_WARN_ENUM_CONVERSION = YES;
				CLANG_WARN_INFINITE_RECURSION = YES;
				CLANG_WARN_INT_CONVERSION = YES;
				CLANG_WARN_NON_LITERAL_NULL_CONVERSION = YES;
				CLANG_WARN_OBJC_IMPLICIT_RETAIN_SELF = YES;
				CLANG_WARN_OBJC_LITERAL_CONVERSION = YES;
				CLANG_WARN_OBJC_ROOT_CLASS = YES_ERROR;
				CLANG_WARN_RANGE_LOOP_ANALYSIS = YES;
				CLANG_WARN_STRICT_PROTOTYPES = YES;
				CLANG_WARN_SUSPICIOUS_MOVE = YES;
				CLANG_WARN_UNGUARDED_AVAILABILITY = YES_AGGRESSIVE;
				CLANG_WARN_UNREACHABLE_CODE = YES;
				CLANG_WARN__DUPLICATE_METHOD_MATCH = YES;
				COPY_PHASE_STRIP = NO;
				DEBUG_INFORMATION_FORMAT = dwarf;
				ENABLE_STRICT_OBJC_MSGSEND = YES;
				ENABLE_TESTABILITY = YES;
				GCC_C_LANGUAGE_STANDARD = gnu11;
				GCC_DYNAMIC_NO_PIC = NO;
				GCC_NO_COMMON_BLOCKS = YES;
				GCC_OPTIMIZATION_LEVEL = 0;
				GCC_PREPROCESSOR_DEFINITIONS = (
					"DEBUG=1",
					"$(inherited)",
				);
				GCC_WARN_64_TO_32_BIT_CONVERSION = YES;
				GCC_WARN_ABOUT_RETURN_TYPE = YES_ERROR;
				GCC_WARN_UNDECLARED_SELECTOR = YES;
				GCC_WARN_UNINITIALIZED_AUTOS = YES_AGGRESSIVE;
				GCC_WARN_UNUSED_FUNCTION = YES;
				GCC_WARN_UNUSED_VARIABLE = YES;
				IPHONEOS_DEPLOYMENT_TARGET = 13.4;
				MTL_ENABLE_DEBUG_INFO = INCLUDE_SOURCE;
				MTL_FAST_MATH = YES;
				ONLY_ACTIVE_ARCH = YES;
				SDKROOT = iphoneos;
				SWIFT_ACTIVE_COMPILATION_CONDITIONS = DEBUG;
				SWIFT_OPTIMIZATION_LEVEL = "-Onone";
			};
			name = Debug;
		};
		F3FB38C124EB147A0094DE00 /* Release */ = {
			isa = XCBuildConfiguration;
			buildSettings = {
				ALWAYS_SEARCH_USER_PATHS = NO;
				CLANG_ANALYZER_NONNULL = YES;
				CLANG_ANALYZER_NUMBER_OBJECT_CONVERSION = YES_AGGRESSIVE;
				CLANG_CXX_LANGUAGE_STANDARD = "gnu++14";
				CLANG_CXX_LIBRARY = "libc++";
				CLANG_ENABLE_MODULES = YES;
				CLANG_ENABLE_OBJC_ARC = YES;
				CLANG_ENABLE_OBJC_WEAK = YES;
				CLANG_WARN_BLOCK_CAPTURE_AUTORELEASING = YES;
				CLANG_WARN_BOOL_CONVERSION = YES;
				CLANG_WARN_COMMA = YES;
				CLANG_WARN_CONSTANT_CONVERSION = YES;
				CLANG_WARN_DEPRECATED_OBJC_IMPLEMENTATIONS = YES;
				CLANG_WARN_DIRECT_OBJC_ISA_USAGE = YES_ERROR;
				CLANG_WARN_DOCUMENTATION_COMMENTS = YES;
				CLANG_WARN_EMPTY_BODY = YES;
				CLANG_WARN_ENUM_CONVERSION = YES;
				CLANG_WARN_INFINITE_RECURSION = YES;
				CLANG_WARN_INT_CONVERSION = YES;
				CLANG_WARN_NON_LITERAL_NULL_CONVERSION = YES;
				CLANG_WARN_OBJC_IMPLICIT_RETAIN_SELF = YES;
				CLANG_WARN_OBJC_LITERAL_CONVERSION = YES;
				CLANG_WARN_OBJC_ROOT_CLASS = YES_ERROR;
				CLANG_WARN_RANGE_LOOP_ANALYSIS = YES;
				CLANG_WARN_STRICT_PROTOTYPES = YES;
				CLANG_WARN_SUSPICIOUS_MOVE = YES;
				CLANG_WARN_UNGUARDED_AVAILABILITY = YES_AGGRESSIVE;
				CLANG_WARN_UNREACHABLE_CODE = YES;
				CLANG_WARN__DUPLICATE_METHOD_MATCH = YES;
				COPY_PHASE_STRIP = NO;
				DEBUG_INFORMATION_FORMAT = "dwarf-with-dsym";
				ENABLE_NS_ASSERTIONS = NO;
				ENABLE_STRICT_OBJC_MSGSEND = YES;
				GCC_C_LANGUAGE_STANDARD = gnu11;
				GCC_NO_COMMON_BLOCKS = YES;
				GCC_WARN_64_TO_32_BIT_CONVERSION = YES;
				GCC_WARN_ABOUT_RETURN_TYPE = YES_ERROR;
				GCC_WARN_UNDECLARED_SELECTOR = YES;
				GCC_WARN_UNINITIALIZED_AUTOS = YES_AGGRESSIVE;
				GCC_WARN_UNUSED_FUNCTION = YES;
				GCC_WARN_UNUSED_VARIABLE = YES;
				IPHONEOS_DEPLOYMENT_TARGET = 13.4;
				MTL_ENABLE_DEBUG_INFO = NO;
				MTL_FAST_MATH = YES;
				SDKROOT = iphoneos;
				SWIFT_COMPILATION_MODE = wholemodule;
				SWIFT_OPTIMIZATION_LEVEL = "-O";
				VALIDATE_PRODUCT = YES;
			};
			name = Release;
		};
		F3FB38C324EB147A0094DE00 /* Debug */ = {
			isa = XCBuildConfiguration;
			buildSettings = {
				ASSETCATALOG_COMPILER_APPICON_NAME = AppIcon;
				CODE_SIGN_STYLE = Automatic;
				DEVELOPMENT_TEAM = DFVB576FM8;
				INFOPLIST_FILE = meantweets/Info.plist;
				LD_RUNPATH_SEARCH_PATHS = (
					"$(inherited)",
					"@executable_path/Frameworks",
				);
				PRODUCT_BUNDLE_IDENTIFIER = "com.fairchild-suttner.meantweets";
				PRODUCT_NAME = "$(TARGET_NAME)";
				SWIFT_VERSION = 5.0;
				TARGETED_DEVICE_FAMILY = "1,2";
			};
			name = Debug;
		};
		F3FB38C424EB147A0094DE00 /* Release */ = {
			isa = XCBuildConfiguration;
			buildSettings = {
				ASSETCATALOG_COMPILER_APPICON_NAME = AppIcon;
				CODE_SIGN_STYLE = Automatic;
				DEVELOPMENT_TEAM = DFVB576FM8;
				INFOPLIST_FILE = meantweets/Info.plist;
				LD_RUNPATH_SEARCH_PATHS = (
					"$(inherited)",
					"@executable_path/Frameworks",
				);
				PRODUCT_BUNDLE_IDENTIFIER = "com.fairchild-suttner.meantweets";
				PRODUCT_NAME = "$(TARGET_NAME)";
				SWIFT_VERSION = 5.0;
				TARGETED_DEVICE_FAMILY = "1,2";
			};
			name = Release;
		};
/* End XCBuildConfiguration section */

/* Begin XCConfigurationList section */
		F3FB38A924EB14760094DE00 /* Build configuration list for PBXProject "meantweets" */ = {
			isa = XCConfigurationList;
			buildConfigurations = (
				F3FB38C024EB147A0094DE00 /* Debug */,
				F3FB38C124EB147A0094DE00 /* Release */,
			);
			defaultConfigurationIsVisible = 0;
			defaultConfigurationName = Release;
		};
		F3FB38C224EB147A0094DE00 /* Build configuration list for PBXNativeTarget "meantweets" */ = {
			isa = XCConfigurationList;
			buildConfigurations = (
				F3FB38C324EB147A0094DE00 /* Debug */,
				F3FB38C424EB147A0094DE00 /* Release */,
			);
			defaultConfigurationIsVisible = 0;
			defaultConfigurationName = Release;
		};
/* End XCConfigurationList section */
	};
	rootObject = F3FB38A624EB14760094DE00 /* Project object */;
}
